
Microsoft Visual Studio Solution File, Format Version 12.00
# Visual Studio Version 17
VisualStudioVersion = 17.12.35309.182
MinimumVisualStudioVersion = 10.0.40219.1
Project("{FAE04EC0-301F-11D3-BF4B-00C04F79EFBC}") = "TemplateCQRSAndSpecification.Web", "backend\src\TemplateCQRSAndSpecification.Web\TemplateCQRSAndSpecification.Web.csproj", "{4E3D343D-60D5-4B3B-A831-07788A114A5C}"
EndProject
Project("{FAE04EC0-301F-11D3-BF4B-00C04F79EFBC}") = "Template.Application", "backend\src\TemplateModule\Template.Application\Template.Application.csproj", "{C8601A01-A8B0-404C-92BC-BD3C2D2F755B}"
EndProject
Project("{FAE04EC0-301F-11D3-BF4B-00C04F79EFBC}") = "Template.Domain", "backend\src\TemplateModule\Template.Domain\Template.Domain.csproj", "{865935A1-1533-4647-8D65-B947F21BF383}"
EndProject
Project("{FAE04EC0-301F-11D3-BF4B-00C04F79EFBC}") = "Template.Infrastructure", "backend\src\TemplateModule\Template.Infrastructure\Template.Infrastructure.csproj", "{D7677F70-4185-4807-B8CC-086BB9CAE973}"
EndProject
Project("{2150E333-8FDC-42A3-9474-1A3956D46DE8}") = "Shared", "Shared", "{780DB941-9327-4E4E-9731-8041B1064A54}"
EndProject
Project("{2150E333-8FDC-42A3-9474-1A3956D46DE8}") = "TemplateModule", "TemplateModule", "{BA20D6F1-B754-4A10-B7A5-A9C8D37DDFEB}"
EndProject
Project("{FAE04EC0-301F-11D3-BF4B-00C04F79EFBC}") = "Template.SharedKernel", "backend\src\Shared\Template.SharedKernel\Template.SharedKernel.csproj", "{FB4729CE-32CC-42C6-8D7E-B15163E1DFA9}"
EndProject
Project("{FAE04EC0-301F-11D3-BF4B-00C04F79EFBC}") = "Template.Core", "backend\src\Shared\Template.Core\Template.Core.csproj", "{AB88BEFC-BEB7-49F5-8778-DD7385F3D30A}"
EndProject
Project("{E53339B2-1760-4266-BCC7-CA923CBCF16C}") = "docker-compose", "docker-compose.dcproj", "{C8A0F60C-EF76-4736-B333-B5B20B0AA3BE}"
EndProject
Global
	GlobalSection(SolutionConfigurationPlatforms) = preSolution
		Debug|Any CPU = Debug|Any CPU
		Release|Any CPU = Release|Any CPU
	EndGlobalSection
	GlobalSection(ProjectConfigurationPlatforms) = postSolution
		{4E3D343D-60D5-4B3B-A831-07788A114A5C}.Debug|Any CPU.ActiveCfg = Debug|Any CPU
		{4E3D343D-60D5-4B3B-A831-07788A114A5C}.Debug|Any CPU.Build.0 = Debug|Any CPU
		{4E3D343D-60D5-4B3B-A831-07788A114A5C}.Release|Any CPU.ActiveCfg = Release|Any CPU
		{4E3D343D-60D5-4B3B-A831-07788A114A5C}.Release|Any CPU.Build.0 = Release|Any CPU
		{C8601A01-A8B0-404C-92BC-BD3C2D2F755B}.Debug|Any CPU.ActiveCfg = Debug|Any CPU
		{C8601A01-A8B0-404C-92BC-BD3C2D2F755B}.Debug|Any CPU.Build.0 = Debug|Any CPU
		{C8601A01-A8B0-404C-92BC-BD3C2D2F755B}.Release|Any CPU.ActiveCfg = Release|Any CPU
		{C8601A01-A8B0-404C-92BC-BD3C2D2F755B}.Release|Any CPU.Build.0 = Release|Any CPU
		{865935A1-1533-4647-8D65-B947F21BF383}.Debug|Any CPU.ActiveCfg = Debug|Any CPU
		{865935A1-1533-4647-8D65-B947F21BF383}.Debug|Any CPU.Build.0 = Debug|Any CPU
		{865935A1-1533-4647-8D65-B947F21BF383}.Release|Any CPU.ActiveCfg = Release|Any CPU
		{865935A1-1533-4647-8D65-B947F21BF383}.Release|Any CPU.Build.0 = Release|Any CPU
		{D7677F70-4185-4807-B8CC-086BB9CAE973}.Debug|Any CPU.ActiveCfg = Debug|Any CPU
		{D7677F70-4185-4807-B8CC-086BB9CAE973}.Debug|Any CPU.Build.0 = Debug|Any CPU
		{D7677F70-4185-4807-B8CC-086BB9CAE973}.Release|Any CPU.ActiveCfg = Release|Any CPU
		{D7677F70-4185-4807-B8CC-086BB9CAE973}.Release|Any CPU.Build.0 = Release|Any CPU
		{FB4729CE-32CC-42C6-8D7E-B15163E1DFA9}.Debug|Any CPU.ActiveCfg = Debug|Any CPU
		{FB4729CE-32CC-42C6-8D7E-B15163E1DFA9}.Debug|Any CPU.Build.0 = Debug|Any CPU
		{FB4729CE-32CC-42C6-8D7E-B15163E1DFA9}.Release|Any CPU.ActiveCfg = Release|Any CPU
		{FB4729CE-32CC-42C6-8D7E-B15163E1DFA9}.Release|Any CPU.Build.0 = Release|Any CPU
		{AB88BEFC-BEB7-49F5-8778-DD7385F3D30A}.Debug|Any CPU.ActiveCfg = Debug|Any CPU
		{AB88BEFC-BEB7-49F5-8778-DD7385F3D30A}.Debug|Any CPU.Build.0 = Debug|Any CPU
		{AB88BEFC-BEB7-49F5-8778-DD7385F3D30A}.Release|Any CPU.ActiveCfg = Release|Any CPU
		{AB88BEFC-BEB7-49F5-8778-DD7385F3D30A}.Release|Any CPU.Build.0 = Release|Any CPU
		{C8A0F60C-EF76-4736-B333-B5B20B0AA3BE}.Debug|Any CPU.ActiveCfg = Debug|Any CPU
		{C8A0F60C-EF76-4736-B333-B5B20B0AA3BE}.Debug|Any CPU.Build.0 = Debug|Any CPU
		{C8A0F60C-EF76-4736-B333-B5B20B0AA3BE}.Release|Any CPU.ActiveCfg = Release|Any CPU
		{C8A0F60C-EF76-4736-B333-B5B20B0AA3BE}.Release|Any CPU.Build.0 = Release|Any CPU
	EndGlobalSection
	GlobalSection(SolutionProperties) = preSolution
		HideSolutionNode = FALSE
	EndGlobalSection
	GlobalSection(NestedProjects) = preSolution
		{C8601A01-A8B0-404C-92BC-BD3C2D2F755B} = {BA20D6F1-B754-4A10-B7A5-A9C8D37DDFEB}
		{865935A1-1533-4647-8D65-B947F21BF383} = {BA20D6F1-B754-4A10-B7A5-A9C8D37DDFEB}
		{D7677F70-4185-4807-B8CC-086BB9CAE973} = {BA20D6F1-B754-4A10-B7A5-A9C8D37DDFEB}
		{FB4729CE-32CC-42C6-8D7E-B15163E1DFA9} = {780DB941-9327-4E4E-9731-8041B1064A54}
		{AB88BEFC-BEB7-49F5-8778-DD7385F3D30A} = {780DB941-9327-4E4E-9731-8041B1064A54}
	EndGlobalSection
	GlobalSection(ExtensibilityGlobals) = postSolution
		SolutionGuid = {C9B1E219-BEFA-48C6-B316-4F846173563B}
	EndGlobalSection
EndGlobal
